
Microsoft Visual Studio Solution File, Format Version 12.00
# Visual Studio Version 17
VisualStudioVersion = 17.5.002.0
MinimumVisualStudioVersion = 10.0.40219.1
Project("{9A19103F-16F7-4668-BE54-9A1E7A4F7556}") = "HW5_StudentManagementSystem", "HW5_StudentManagementSystem.csproj", "{1F9C4B67-FE92-4B4C-BF2A-2ECAC2491FCC}"
EndProject
Global
	GlobalSection(SolutionConfigurationPlatforms) = preSolution
		Debug|Any CPU = Debug|Any CPU
		Release|Any CPU = Release|Any CPU
	EndGlobalSection
	GlobalSection(ProjectConfigurationPlatforms) = postSolution
		{1F9C4B67-FE92-4B4C-BF2A-2ECAC2491FCC}.Debug|Any CPU.ActiveCfg = Debug|Any CPU
		{1F9C4B67-FE92-4B4C-BF2A-2ECAC2491FCC}.Debug|Any CPU.Build.0 = Debug|Any CPU
		{1F9C4B67-FE92-4B4C-BF2A-2ECAC2491FCC}.Release|Any CPU.ActiveCfg = Release|Any CPU
		{1F9C4B67-FE92-4B4C-BF2A-2ECAC2491FCC}.Release|Any CPU.Build.0 = Release|Any CPU
	EndGlobalSection
	GlobalSection(SolutionProperties) = preSolution
		HideSolutionNode = FALSE
	EndGlobalSection
	GlobalSection(ExtensibilityGlobals) = postSolution
		SolutionGuid = {2C8F9256-8CC0-4D58-8460-C96F890D3A83}
	EndGlobalSection
EndGlobal
